// !$*UTF8*$!
{
	archiveVersion = 1;
	classes = {
	};
	objectVersion = 52;
	objects = {

/* Begin PBXBuildFile section */
		1B08816526263AD1007A7734 /* SwiftUINewsApp.swift in Sources */ = {isa = PBXBuildFile; fileRef = 1B08816426263AD1007A7734 /* SwiftUINewsApp.swift */; };
		1B08816926263AE9007A7734 /* Assets.xcassets in Resources */ = {isa = PBXBuildFile; fileRef = 1B08816826263AE9007A7734 /* Assets.xcassets */; };
		1B08816C26263AE9007A7734 /* Preview Assets.xcassets in Resources */ = {isa = PBXBuildFile; fileRef = 1B08816B26263AE9007A7734 /* Preview Assets.xcassets */; };
		1B08817626263BB6007A7734 /* HomeView.swift in Sources */ = {isa = PBXBuildFile; fileRef = 1B08817526263BB6007A7734 /* HomeView.swift */; };
		1B08817C2626CAF9007A7734 /* NewsResponse.swift in Sources */ = {isa = PBXBuildFile; fileRef = 1B08817B2626CAF9007A7734 /* NewsResponse.swift */; };
		1B0881812626CCD1007A7734 /* NewsEndpoint.swift in Sources */ = {isa = PBXBuildFile; fileRef = 1B0881802626CCD1007A7734 /* NewsEndpoint.swift */; };
		1B0881852626D57F007A7734 /* APIError.swift in Sources */ = {isa = PBXBuildFile; fileRef = 1B0881842626D57F007A7734 /* APIError.swift */; };
		1B0881892626E587007A7734 /* NewsService.swift in Sources */ = {isa = PBXBuildFile; fileRef = 1B0881882626E587007A7734 /* NewsService.swift */; };
		1B08818E2626EB33007A7734 /* ResultState.swift in Sources */ = {isa = PBXBuildFile; fileRef = 1B08818D2626EB33007A7734 /* ResultState.swift */; };
		1B0881922626EBCC007A7734 /* NewsViewModel.swift in Sources */ = {isa = PBXBuildFile; fileRef = 1B0881912626EBCC007A7734 /* NewsViewModel.swift */; };
		1B0881962626F062007A7734 /* URLImage in Frameworks */ = {isa = PBXBuildFile; productRef = 1B0881952626F062007A7734 /* URLImage */; };
		1B0881992626F50F007A7734 /* ArticleView.swift in Sources */ = {isa = PBXBuildFile; fileRef = 1B0881982626F50F007A7734 /* ArticleView.swift */; };
		1B08819C26270218007A7734 /* ErrorView.swift in Sources */ = {isa = PBXBuildFile; fileRef = 1B08819B26270218007A7734 /* ErrorView.swift */; };
/* End PBXBuildFile section */

/* Begin PBXFileReference section */
		1B08816126263AD1007A7734 /* SwiftUINews.app */ = {isa = PBXFileReference; explicitFileType = wrapper.application; includeInIndex = 0; path = SwiftUINews.app; sourceTree = BUILT_PRODUCTS_DIR; };
		1B08816426263AD1007A7734 /* SwiftUINewsApp.swift */ = {isa = PBXFileReference; lastKnownFileType = sourcecode.swift; path = SwiftUINewsApp.swift; sourceTree = "<group>"; };
		1B08816826263AE9007A7734 /* Assets.xcassets */ = {isa = PBXFileReference; lastKnownFileType = folder.assetcatalog; path = Assets.xcassets; sourceTree = "<group>"; };
		1B08816B26263AE9007A7734 /* Preview Assets.xcassets */ = {isa = PBXFileReference; lastKnownFileType = folder.assetcatalog; path = "Preview Assets.xcassets"; sourceTree = "<group>"; };
		1B08816D26263AE9007A7734 /* Info.plist */ = {isa = PBXFileReference; lastKnownFileType = text.plist.xml; path = Info.plist; sourceTree = "<group>"; };
		1B08817526263BB6007A7734 /* HomeView.swift */ = {isa = PBXFileReference; lastKnownFileType = sourcecode.swift; path = HomeView.swift; sourceTree = "<group>"; };
		1B08817B2626CAF9007A7734 /* NewsResponse.swift */ = {isa = PBXFileReference; lastKnownFileType = sourcecode.swift; path = NewsResponse.swift; sourceTree = "<group>"; };
		1B0881802626CCD1007A7734 /* NewsEndpoint.swift */ = {isa = PBXFileReference; lastKnownFileType = sourcecode.swift; path = NewsEndpoint.swift; sourceTree = "<group>"; };
		1B0881842626D57F007A7734 /* APIError.swift */ = {isa = PBXFileReference; lastKnownFileType = sourcecode.swift; path = APIError.swift; sourceTree = "<group>"; };
		1B0881882626E587007A7734 /* NewsService.swift */ = {isa = PBXFileReference; lastKnownFileType = sourcecode.swift; path = NewsService.swift; sourceTree = "<group>"; };
		1B08818D2626EB33007A7734 /* ResultState.swift */ = {isa = PBXFileReference; lastKnownFileType = sourcecode.swift; path = ResultState.swift; sourceTree = "<group>"; };
		1B0881912626EBCC007A7734 /* NewsViewModel.swift */ = {isa = PBXFileReference; lastKnownFileType = sourcecode.swift; path = NewsViewModel.swift; sourceTree = "<group>"; };
		1B0881982626F50F007A7734 /* ArticleView.swift */ = {isa = PBXFileReference; lastKnownFileType = sourcecode.swift; path = ArticleView.swift; sourceTree = "<group>"; };
		1B08819B26270218007A7734 /* ErrorView.swift */ = {isa = PBXFileReference; lastKnownFileType = sourcecode.swift; path = ErrorView.swift; sourceTree = "<group>"; };
/* End PBXFileReference section */

/* Begin PBXFrameworksBuildPhase section */
		1B08815E26263AD1007A7734 /* Frameworks */ = {
			isa = PBXFrameworksBuildPhase;
			buildActionMask = 2147483647;
			files = (
				1B0881962626F062007A7734 /* URLImage in Frameworks */,
			);
			runOnlyForDeploymentPostprocessing = 0;
		};
/* End PBXFrameworksBuildPhase section */

/* Begin PBXGroup section */
		1B08815826263AD1007A7734 = {
			isa = PBXGroup;
			children = (
				1B08816326263AD1007A7734 /* SwiftUINews */,
				1B08816226263AD1007A7734 /* Products */,
			);
			sourceTree = "<group>";
		};
		1B08816226263AD1007A7734 /* Products */ = {
			isa = PBXGroup;
			children = (
				1B08816126263AD1007A7734 /* SwiftUINews.app */,
			);
			name = Products;
			sourceTree = "<group>";
		};
		1B08816326263AD1007A7734 /* SwiftUINews */ = {
			isa = PBXGroup;
			children = (
				1B0881902626EBB1007A7734 /* ViewModel */,
				1B08818C2626EB22007A7734 /* States */,
				1B0881872626E576007A7734 /* Service */,
				1B0881832626D565007A7734 /* Error */,
				1B08817F2626CCBA007A7734 /* Endpoint */,
				1B08817A2626CAE2007A7734 /* Model */,
				1B08817426263BA7007A7734 /* Views */,
				1B08816426263AD1007A7734 /* SwiftUINewsApp.swift */,
				1B08816826263AE9007A7734 /* Assets.xcassets */,
				1B08816D26263AE9007A7734 /* Info.plist */,
				1B08816A26263AE9007A7734 /* Preview Content */,
			);
			path = SwiftUINews;
			sourceTree = "<group>";
		};
		1B08816A26263AE9007A7734 /* Preview Content */ = {
			isa = PBXGroup;
			children = (
				1B08816B26263AE9007A7734 /* Preview Assets.xcassets */,
			);
			path = "Preview Content";
			sourceTree = "<group>";
		};
		1B08817426263BA7007A7734 /* Views */ = {
			isa = PBXGroup;
			children = (
				1B08817526263BB6007A7734 /* HomeView.swift */,
				1B0881982626F50F007A7734 /* ArticleView.swift */,
				1B08819B26270218007A7734 /* ErrorView.swift */,
			);
			path = Views;
			sourceTree = "<group>";
		};
		1B08817A2626CAE2007A7734 /* Model */ = {
			isa = PBXGroup;
			children = (
				1B08817B2626CAF9007A7734 /* NewsResponse.swift */,
			);
			path = Model;
			sourceTree = "<group>";
		};
		1B08817F2626CCBA007A7734 /* Endpoint */ = {
			isa = PBXGroup;
			children = (
				1B0881802626CCD1007A7734 /* NewsEndpoint.swift */,
			);
			path = Endpoint;
			sourceTree = "<group>";
		};
		1B0881832626D565007A7734 /* Error */ = {
			isa = PBXGroup;
			children = (
				1B0881842626D57F007A7734 /* APIError.swift */,
			);
			path = Error;
			sourceTree = "<group>";
		};
		1B0881872626E576007A7734 /* Service */ = {
			isa = PBXGroup;
			children = (
				1B0881882626E587007A7734 /* NewsService.swift */,
			);
			path = Service;
			sourceTree = "<group>";
		};
		1B08818C2626EB22007A7734 /* States */ = {
			isa = PBXGroup;
			children = (
				1B08818D2626EB33007A7734 /* ResultState.swift */,
			);
			path = States;
			sourceTree = "<group>";
		};
		1B0881902626EBB1007A7734 /* ViewModel */ = {
			isa = PBXGroup;
			children = (
				1B0881912626EBCC007A7734 /* NewsViewModel.swift */,
			);
			path = ViewModel;
			sourceTree = "<group>";
		};
/* End PBXGroup section */

/* Begin PBXNativeTarget section */
		1B08816026263AD1007A7734 /* SwiftUINews */ = {
			isa = PBXNativeTarget;
			buildConfigurationList = 1B08817026263AE9007A7734 /* Build configuration list for PBXNativeTarget "SwiftUINews" */;
			buildPhases = (
				1B08815D26263AD1007A7734 /* Sources */,
				1B08815E26263AD1007A7734 /* Frameworks */,
				1B08815F26263AD1007A7734 /* Resources */,
			);
			buildRules = (
			);
			dependencies = (
			);
			name = SwiftUINews;
			packageProductDependencies = (
				1B0881952626F062007A7734 /* URLImage */,
			);
			productName = SwiftUINews;
			productReference = 1B08816126263AD1007A7734 /* SwiftUINews.app */;
			productType = "com.apple.product-type.application";
		};
/* End PBXNativeTarget section */

/* Begin PBXProject section */
		1B08815926263AD1007A7734 /* Project object */ = {
			isa = PBXProject;
			attributes = {
				LastSwiftUpdateCheck = 1240;
				LastUpgradeCheck = 1240;
				TargetAttributes = {
					1B08816026263AD1007A7734 = {
						CreatedOnToolsVersion = 12.4;
					};
				};
			};
			buildConfigurationList = 1B08815C26263AD1007A7734 /* Build configuration list for PBXProject "SwiftUINews" */;
			compatibilityVersion = "Xcode 9.3";
			developmentRegion = en;
			hasScannedForEncodings = 0;
			knownRegions = (
				en,
				Base,
			);
			mainGroup = 1B08815826263AD1007A7734;
			packageReferences = (
				1B0881942626F062007A7734 /* XCRemoteSwiftPackageReference "url-image" */,
			);
			productRefGroup = 1B08816226263AD1007A7734 /* Products */;
			projectDirPath = "";
			projectRoot = "";
			targets = (
				1B08816026263AD1007A7734 /* SwiftUINews */,
			);
		};
/* End PBXProject section */

/* Begin PBXResourcesBuildPhase section */
		1B08815F26263AD1007A7734 /* Resources */ = {
			isa = PBXResourcesBuildPhase;
			buildActionMask = 2147483647;
			files = (
				1B08816C26263AE9007A7734 /* Preview Assets.xcassets in Resources */,
				1B08816926263AE9007A7734 /* Assets.xcassets in Resources */,
			);
			runOnlyForDeploymentPostprocessing = 0;
		};
/* End PBXResourcesBuildPhase section */

/* Begin PBXSourcesBuildPhase section */
		1B08815D26263AD1007A7734 /* Sources */ = {
			isa = PBXSourcesBuildPhase;
			buildActionMask = 2147483647;
			files = (
				1B08818E2626EB33007A7734 /* ResultState.swift in Sources */,
				1B0881892626E587007A7734 /* NewsService.swift in Sources */,
				1B08817626263BB6007A7734 /* HomeView.swift in Sources */,
				1B08816526263AD1007A7734 /* SwiftUINewsApp.swift in Sources */,
				1B08817C2626CAF9007A7734 /* NewsResponse.swift in Sources */,
				1B08819C26270218007A7734 /* ErrorView.swift in Sources */,
				1B0881852626D57F007A7734 /* APIError.swift in Sources */,
				1B0881812626CCD1007A7734 /* NewsEndpoint.swift in Sources */,
				1B0881992626F50F007A7734 /* ArticleView.swift in Sources */,
				1B0881922626EBCC007A7734 /* NewsViewModel.swift in Sources */,
			);
			runOnlyForDeploymentPostprocessing = 0;
		};
/* End PBXSourcesBuildPhase section */

/* Begin XCBuildConfiguration section */
		1B08816E26263AE9007A7734 /* Debug */ = {
			isa = XCBuildConfiguration;
			buildSettings = {
				ALWAYS_SEARCH_USER_PATHS = NO;
				CLANG_ANALYZER_NONNULL = YES;
				CLANG_ANALYZER_NUMBER_OBJECT_CONVERSION = YES_AGGRESSIVE;
				CLANG_CXX_LANGUAGE_STANDARD = "gnu++14";
				CLANG_CXX_LIBRARY = "libc++";
				CLANG_ENABLE_MODULES = YES;
				CLANG_ENABLE_OBJC_ARC = YES;
				CLANG_ENABLE_OBJC_WEAK = YES;
				CLANG_WARN_BLOCK_CAPTURE_AUTORELEASING = YES;
				CLANG_WARN_BOOL_CONVERSION = YES;
				CLANG_WARN_COMMA = YES;
				CLANG_WARN_CONSTANT_CONVERSION = YES;
				CLANG_WARN_DEPRECATED_OBJC_IMPLEMENTATIONS = YES;
				CLANG_WARN_DIRECT_OBJC_ISA_USAGE = YES_ERROR;
				CLANG_WARN_DOCUMENTATION_COMMENTS = YES;
				CLANG_WARN_EMPTY_BODY = YES;
				CLANG_WARN_ENUM_CONVERSION = YES;
				CLANG_WARN_INFINITE_RECURSION = YES;
				CLANG_WARN_INT_CONVERSION = YES;
				CLANG_WARN_NON_LITERAL_NULL_CONVERSION = YES;
				CLANG_WARN_OBJC_IMPLICIT_RETAIN_SELF = YES;
				CLANG_WARN_OBJC_LITERAL_CONVERSION = YES;
				CLANG_WARN_OBJC_ROOT_CLASS = YES_ERROR;
				CLANG_WARN_QUOTED_INCLUDE_IN_FRAMEWORK_HEADER = YES;
				CLANG_WARN_RANGE_LOOP_ANALYSIS = YES;
				CLANG_WARN_STRICT_PROTOTYPES = YES;
				CLANG_WARN_SUSPICIOUS_MOVE = YES;
				CLANG_WARN_UNGUARDED_AVAILABILITY = YES_AGGRESSIVE;
				CLANG_WARN_UNREACHABLE_CODE = YES;
				CLANG_WARN__DUPLICATE_METHOD_MATCH = YES;
				COPY_PHASE_STRIP = NO;
				DEBUG_INFORMATION_FORMAT = dwarf;
				ENABLE_STRICT_OBJC_MSGSEND = YES;
				ENABLE_TESTABILITY = YES;
				GCC_C_LANGUAGE_STANDARD = gnu11;
				GCC_DYNAMIC_NO_PIC = NO;
				GCC_NO_COMMON_BLOCKS = YES;
				GCC_OPTIMIZATION_LEVEL = 0;
				GCC_PREPROCESSOR_DEFINITIONS = (
					"DEBUG=1",
					"$(inherited)",
				);
				GCC_WARN_64_TO_32_BIT_CONVERSION = YES;
				GCC_WARN_ABOUT_RETURN_TYPE = YES_ERROR;
				GCC_WARN_UNDECLARED_SELECTOR = YES;
				GCC_WARN_UNINITIALIZED_AUTOS = YES_AGGRESSIVE;
				GCC_WARN_UNUSED_FUNCTION = YES;
				GCC_WARN_UNUSED_VARIABLE = YES;
				IPHONEOS_DEPLOYMENT_TARGET = 14.4;
				MTL_ENABLE_DEBUG_INFO = INCLUDE_SOURCE;
				MTL_FAST_MATH = YES;
				ONLY_ACTIVE_ARCH = YES;
				SDKROOT = iphoneos;
				SWIFT_ACTIVE_COMPILATION_CONDITIONS = DEBUG;
				SWIFT_OPTIMIZATION_LEVEL = "-Onone";
			};
			name = Debug;
		};
		1B08816F26263AE9007A7734 /* Release */ = {
			isa = XCBuildConfiguration;
			buildSettings = {
				ALWAYS_SEARCH_USER_PATHS = NO;
				CLANG_ANALYZER_NONNULL = YES;
				CLANG_ANALYZER_NUMBER_OBJECT_CONVERSION = YES_AGGRESSIVE;
				CLANG_CXX_LANGUAGE_STANDARD = "gnu++14";
				CLANG_CXX_LIBRARY = "libc++";
				CLANG_ENABLE_MODULES = YES;
				CLANG_ENABLE_OBJC_ARC = YES;
				CLANG_ENABLE_OBJC_WEAK = YES;
				CLANG_WARN_BLOCK_CAPTURE_AUTORELEASING = YES;
				CLANG_WARN_BOOL_CONVERSION = YES;
				CLANG_WARN_COMMA = YES;
				CLANG_WARN_CONSTANT_CONVERSION = YES;
				CLANG_WARN_DEPRECATED_OBJC_IMPLEMENTATIONS = YES;
				CLANG_WARN_DIRECT_OBJC_ISA_USAGE = YES_ERROR;
				CLANG_WARN_DOCUMENTATION_COMMENTS = YES;
				CLANG_WARN_EMPTY_BODY = YES;
				CLANG_WARN_ENUM_CONVERSION = YES;
				CLANG_WARN_INFINITE_RECURSION = YES;
				CLANG_WARN_INT_CONVERSION = YES;
				CLANG_WARN_NON_LITERAL_NULL_CONVERSION = YES;
				CLANG_WARN_OBJC_IMPLICIT_RETAIN_SELF = YES;
				CLANG_WARN_OBJC_LITERAL_CONVERSION = YES;
				CLANG_WARN_OBJC_ROOT_CLASS = YES_ERROR;
				CLANG_WARN_QUOTED_INCLUDE_IN_FRAMEWORK_HEADER = YES;
				CLANG_WARN_RANGE_LOOP_ANALYSIS = YES;
				CLANG_WARN_STRICT_PROTOTYPES = YES;
				CLANG_WARN_SUSPICIOUS_MOVE = YES;
				CLANG_WARN_UNGUARDED_AVAILABILITY = YES_AGGRESSIVE;
				CLANG_WARN_UNREACHABLE_CODE = YES;
				CLANG_WARN__DUPLICATE_METHOD_MATCH = YES;
				COPY_PHASE_STRIP = NO;
				DEBUG_INFORMATION_FORMAT = "dwarf-with-dsym";
				ENABLE_NS_ASSERTIONS = NO;
				ENABLE_STRICT_OBJC_MSGSEND = YES;
				GCC_C_LANGUAGE_STANDARD = gnu11;
				GCC_NO_COMMON_BLOCKS = YES;
				GCC_WARN_64_TO_32_BIT_CONVERSION = YES;
				GCC_WARN_ABOUT_RETURN_TYPE = YES_ERROR;
				GCC_WARN_UNDECLARED_SELECTOR = YES;
				GCC_WARN_UNINITIALIZED_AUTOS = YES_AGGRESSIVE;
				GCC_WARN_UNUSED_FUNCTION = YES;
				GCC_WARN_UNUSED_VARIABLE = YES;
				IPHONEOS_DEPLOYMENT_TARGET = 14.4;
				MTL_ENABLE_DEBUG_INFO = NO;
				MTL_FAST_MATH = YES;
				SDKROOT = iphoneos;
				SWIFT_COMPILATION_MODE = wholemodule;
				SWIFT_OPTIMIZATION_LEVEL = "-O";
				VALIDATE_PRODUCT = YES;
			};
			name = Release;
		};
		1B08817126263AE9007A7734 /* Debug */ = {
			isa = XCBuildConfiguration;
			buildSettings = {
				ASSETCATALOG_COMPILER_APPICON_NAME = AppIcon;
				ASSETCATALOG_COMPILER_GLOBAL_ACCENT_COLOR_NAME = AccentColor;
				CODE_SIGN_STYLE = Automatic;
				DEVELOPMENT_ASSET_PATHS = "\"SwiftUINews/Preview Content\"";
				DEVELOPMENT_TEAM = UMQAGMF379;
				ENABLE_PREVIEWS = YES;
				INFOPLIST_FILE = SwiftUINews/Info.plist;
				IPHONEOS_DEPLOYMENT_TARGET = 14.0;
				LD_RUNPATH_SEARCH_PATHS = (
					"$(inherited)",
					"@executable_path/Frameworks",
				);
				PRODUCT_BUNDLE_IDENTIFIER = "Richard-Price.SwiftUINews";
				PRODUCT_NAME = "$(TARGET_NAME)";
				SWIFT_VERSION = 5.0;
				TARGETED_DEVICE_FAMILY = "1,2";
			};
			name = Debug;
		};
		1B08817226263AE9007A7734 /* Release */ = {
			isa = XCBuildConfiguration;
			buildSettings = {
				ASSETCATALOG_COMPILER_APPICON_NAME = AppIcon;
				ASSETCATALOG_COMPILER_GLOBAL_ACCENT_COLOR_NAME = AccentColor;
				CODE_SIGN_STYLE = Automatic;
				DEVELOPMENT_ASSET_PATHS = "\"SwiftUINews/Preview Content\"";
				DEVELOPMENT_TEAM = UMQAGMF379;
				ENABLE_PREVIEWS = YES;
				INFOPLIST_FILE = SwiftUINews/Info.plist;
				IPHONEOS_DEPLOYMENT_TARGET = 14.0;
				LD_RUNPATH_SEARCH_PATHS = (
					"$(inherited)",
					"@executable_path/Frameworks",
				);
				PRODUCT_BUNDLE_IDENTIFIER = "Richard-Price.SwiftUINews";
				PRODUCT_NAME = "$(TARGET_NAME)";
				SWIFT_VERSION = 5.0;
				TARGETED_DEVICE_FAMILY = "1,2";
			};
			name = Release;
		};
/* End XCBuildConfiguration section */

/* Begin XCConfigurationList section */
		1B08815C26263AD1007A7734 /* Build configuration list for PBXProject "SwiftUINews" */ = {
			isa = XCConfigurationList;
			buildConfigurations = (
				1B08816E26263AE9007A7734 /* Debug */,
				1B08816F26263AE9007A7734 /* Release */,
			);
			defaultConfigurationIsVisible = 0;
			defaultConfigurationName = Release;
		};
		1B08817026263AE9007A7734 /* Build configuration list for PBXNativeTarget "SwiftUINews" */ = {
			isa = XCConfigurationList;
			buildConfigurations = (
				1B08817126263AE9007A7734 /* Debug */,
				1B08817226263AE9007A7734 /* Release */,
			);
			defaultConfigurationIsVisible = 0;
			defaultConfigurationName = Release;
		};
/* End XCConfigurationList section */

/* Begin XCRemoteSwiftPackageReference section */
		1B0881942626F062007A7734 /* XCRemoteSwiftPackageReference "url-image" */ = {
			isa = XCRemoteSwiftPackageReference;
			repositoryURL = "https://github.com/dmytro-anokhin/url-image";
			requirement = {
				kind = upToNextMajorVersion;
				minimumVersion = 2.2.3;
			};
		};
/* End XCRemoteSwiftPackageReference section */

/* Begin XCSwiftPackageProductDependency section */
		1B0881952626F062007A7734 /* URLImage */ = {
			isa = XCSwiftPackageProductDependency;
			package = 1B0881942626F062007A7734 /* XCRemoteSwiftPackageReference "url-image" */;
			productName = URLImage;
		};
/* End XCSwiftPackageProductDependency section */
	};
	rootObject = 1B08815926263AD1007A7734 /* Project object */;
}
